
Microsoft Visual Studio Solution File, Format Version 12.00
# Visual Studio Version 16
VisualStudioVersion = 16.0.32106.194
MinimumVisualStudioVersion = 10.0.40219.1
Project("{9A19103F-16F7-4668-BE54-9A1E7A4F7556}") = "bot", "bot\bot.csproj", "{727BA7F5-D2C9-490B-BB8D-C4652F369133}"
EndProject
Global
	GlobalSection(SolutionConfigurationPlatforms) = preSolution
		Debug|Any CPU = Debug|Any CPU
		Release|Any CPU = Release|Any CPU
	EndGlobalSection
	GlobalSection(ProjectConfigurationPlatforms) = postSolution
		{727BA7F5-D2C9-490B-BB8D-C4652F369133}.Debug|Any CPU.ActiveCfg = Debug|Any CPU
		{727BA7F5-D2C9-490B-BB8D-C4652F369133}.Debug|Any CPU.Build.0 = Debug|Any CPU
		{727BA7F5-D2C9-490B-BB8D-C4652F369133}.Release|Any CPU.ActiveCfg = Release|Any CPU
		{727BA7F5-D2C9-490B-BB8D-C4652F369133}.Release|Any CPU.Build.0 = Release|Any CPU
	EndGlobalSection
	GlobalSection(SolutionProperties) = preSolution
		HideSolutionNode = FALSE
	EndGlobalSection
	GlobalSection(ExtensibilityGlobals) = postSolution
		SolutionGuid = {1E5ED259-4DA6-49AB-93F6-0BA740915F74}
	EndGlobalSection
EndGlobal
